
Microsoft Visual Studio Solution File, Format Version 12.00
# Visual Studio Version 17
VisualStudioVersion = 17.14.37027.9 d17.14
MinimumVisualStudioVersion = 10.0.40219.1
Project("{FAE04EC0-301F-11D3-BF4B-00C04F79EFBC}") = "Proyecto Semillero", "Proyecto Semillero.csproj", "{FC1CB9D8-17C0-49B7-9A53-D2F2612CD8BF}"
EndProject
Global
	GlobalSection(SolutionConfigurationPlatforms) = preSolution
		Debug|Any CPU = Debug|Any CPU
		Release|Any CPU = Release|Any CPU
	EndGlobalSection
	GlobalSection(ProjectConfigurationPlatforms) = postSolution
		{FC1CB9D8-17C0-49B7-9A53-D2F2612CD8BF}.Debug|Any CPU.ActiveCfg = Debug|Any CPU
		{FC1CB9D8-17C0-49B7-9A53-D2F2612CD8BF}.Debug|Any CPU.Build.0 = Debug|Any CPU
		{FC1CB9D8-17C0-49B7-9A53-D2F2612CD8BF}.Release|Any CPU.ActiveCfg = Release|Any CPU
		{FC1CB9D8-17C0-49B7-9A53-D2F2612CD8BF}.Release|Any CPU.Build.0 = Release|Any CPU
	EndGlobalSection
	GlobalSection(SolutionProperties) = preSolution
		HideSolutionNode = FALSE
	EndGlobalSection
	GlobalSection(ExtensibilityGlobals) = postSolution
		SolutionGuid = {49565505-16A3-43EF-A9E7-06C375637A8F}
	EndGlobalSection
EndGlobal
